// !$*UTF8*$!
{
	archiveVersion = 1;
	classes = {
	};
	objectVersion = 50;
	objects = {

/* Begin PBXBuildFile section */
		07E9456322CFC2BA0050373D /* AppDelegate.swift in Sources */ = {isa = PBXBuildFile; fileRef = 07E9456222CFC2BA0050373D /* AppDelegate.swift */; };
		07E9456822CFC2BA0050373D /* Main.storyboard in Resources */ = {isa = PBXBuildFile; fileRef = 07E9456622CFC2BA0050373D /* Main.storyboard */; };
		07E9456B22CFC2BA0050373D /* ToDoList.xcdatamodeld in Sources */ = {isa = PBXBuildFile; fileRef = 07E9456922CFC2BA0050373D /* ToDoList.xcdatamodeld */; };
		07E9456D22CFC2C00050373D /* Assets.xcassets in Resources */ = {isa = PBXBuildFile; fileRef = 07E9456C22CFC2C00050373D /* Assets.xcassets */; };
		07E9457022CFC2C00050373D /* LaunchScreen.storyboard in Resources */ = {isa = PBXBuildFile; fileRef = 07E9456E22CFC2C00050373D /* LaunchScreen.storyboard */; };
		07E9457E22CFC4A70050373D /* ToDoListTableViewController.swift in Sources */ = {isa = PBXBuildFile; fileRef = 07E9457D22CFC4A70050373D /* ToDoListTableViewController.swift */; };
		07E9458022CFC4CF0050373D /* ToDo.swift in Sources */ = {isa = PBXBuildFile; fileRef = 07E9457F22CFC4CF0050373D /* ToDo.swift */; };
		07F8A4AB22CFD93A00418D28 /* AddToDOViewController.swift in Sources */ = {isa = PBXBuildFile; fileRef = 07F8A4AA22CFD93A00418D28 /* AddToDOViewController.swift */; };
		07F8A4AD22CFE5A700418D28 /* CompleteToDoViewController.swift in Sources */ = {isa = PBXBuildFile; fileRef = 07F8A4AC22CFE5A700418D28 /* CompleteToDoViewController.swift */; };
/* End PBXBuildFile section */

/* Begin PBXFileReference section */
		07E9455F22CFC2BA0050373D /* ToDoList.app */ = {isa = PBXFileReference; explicitFileType = wrapper.application; includeInIndex = 0; path = ToDoList.app; sourceTree = BUILT_PRODUCTS_DIR; };
		07E9456222CFC2BA0050373D /* AppDelegate.swift */ = {isa = PBXFileReference; lastKnownFileType = sourcecode.swift; path = AppDelegate.swift; sourceTree = "<group>"; };
		07E9456722CFC2BA0050373D /* Base */ = {isa = PBXFileReference; lastKnownFileType = file.storyboard; name = Base; path = Base.lproj/Main.storyboard; sourceTree = "<group>"; };
		07E9456A22CFC2BA0050373D /* ToDoList.xcdatamodel */ = {isa = PBXFileReference; lastKnownFileType = wrapper.xcdatamodel; path = ToDoList.xcdatamodel; sourceTree = "<group>"; };
		07E9456C22CFC2C00050373D /* Assets.xcassets */ = {isa = PBXFileReference; lastKnownFileType = folder.assetcatalog; path = Assets.xcassets; sourceTree = "<group>"; };
		07E9456F22CFC2C00050373D /* Base */ = {isa = PBXFileReference; lastKnownFileType = file.storyboard; name = Base; path = Base.lproj/LaunchScreen.storyboard; sourceTree = "<group>"; };
		07E9457122CFC2C00050373D /* Info.plist */ = {isa = PBXFileReference; lastKnownFileType = text.plist.xml; path = Info.plist; sourceTree = "<group>"; };
		07E9457D22CFC4A70050373D /* ToDoListTableViewController.swift */ = {isa = PBXFileReference; lastKnownFileType = sourcecode.swift; path = ToDoListTableViewController.swift; sourceTree = "<group>"; };
		07E9457F22CFC4CF0050373D /* ToDo.swift */ = {isa = PBXFileReference; lastKnownFileType = sourcecode.swift; path = ToDo.swift; sourceTree = "<group>"; };
		07F8A4AA22CFD93A00418D28 /* AddToDOViewController.swift */ = {isa = PBXFileReference; lastKnownFileType = sourcecode.swift; path = AddToDOViewController.swift; sourceTree = "<group>"; };
		07F8A4AC22CFE5A700418D28 /* CompleteToDoViewController.swift */ = {isa = PBXFileReference; lastKnownFileType = sourcecode.swift; path = CompleteToDoViewController.swift; sourceTree = "<group>"; };
/* End PBXFileReference section */

/* Begin PBXFrameworksBuildPhase section */
		07E9455C22CFC2BA0050373D /* Frameworks */ = {
			isa = PBXFrameworksBuildPhase;
			buildActionMask = 2147483647;
			files = (
			);
			runOnlyForDeploymentPostprocessing = 0;
		};
/* End PBXFrameworksBuildPhase section */

/* Begin PBXGroup section */
		07E9455622CFC2BA0050373D = {
			isa = PBXGroup;
			children = (
				07E9456122CFC2BA0050373D /* ToDoList */,
				07E9456022CFC2BA0050373D /* Products */,
			);
			sourceTree = "<group>";
		};
		07E9456022CFC2BA0050373D /* Products */ = {
			isa = PBXGroup;
			children = (
				07E9455F22CFC2BA0050373D /* ToDoList.app */,
			);
			name = Products;
			sourceTree = "<group>";
		};
		07E9456122CFC2BA0050373D /* ToDoList */ = {
			isa = PBXGroup;
			children = (
				07E9456222CFC2BA0050373D /* AppDelegate.swift */,
				07E9456622CFC2BA0050373D /* Main.storyboard */,
				07F8A4AC22CFE5A700418D28 /* CompleteToDoViewController.swift */,
				07F8A4AA22CFD93A00418D28 /* AddToDOViewController.swift */,
				07E9457F22CFC4CF0050373D /* ToDo.swift */,
				07E9456C22CFC2C00050373D /* Assets.xcassets */,
				07E9456E22CFC2C00050373D /* LaunchScreen.storyboard */,
				07E9457122CFC2C00050373D /* Info.plist */,
				07E9456922CFC2BA0050373D /* ToDoList.xcdatamodeld */,
				07E9457D22CFC4A70050373D /* ToDoListTableViewController.swift */,
			);
			path = ToDoList;
			sourceTree = "<group>";
		};
/* End PBXGroup section */

/* Begin PBXNativeTarget section */
		07E9455E22CFC2BA0050373D /* ToDoList */ = {
			isa = PBXNativeTarget;
			buildConfigurationList = 07E9457422CFC2C00050373D /* Build configuration list for PBXNativeTarget "ToDoList" */;
			buildPhases = (
				07E9455B22CFC2BA0050373D /* Sources */,
				07E9455C22CFC2BA0050373D /* Frameworks */,
				07E9455D22CFC2BA0050373D /* Resources */,
			);
			buildRules = (
			);
			dependencies = (
			);
			name = ToDoList;
			productName = ToDoList;
			productReference = 07E9455F22CFC2BA0050373D /* ToDoList.app */;
			productType = "com.apple.product-type.application";
		};
/* End PBXNativeTarget section */

/* Begin PBXProject section */
		07E9455722CFC2BA0050373D /* Project object */ = {
			isa = PBXProject;
			attributes = {
				LastSwiftUpdateCheck = 1020;
				LastUpgradeCheck = 1020;
				ORGANIZATIONNAME = "Eric Smith";
				TargetAttributes = {
					07E9455E22CFC2BA0050373D = {
						CreatedOnToolsVersion = 10.2.1;
					};
				};
			};
			buildConfigurationList = 07E9455A22CFC2BA0050373D /* Build configuration list for PBXProject "ToDoList" */;
			compatibilityVersion = "Xcode 9.3";
			developmentRegion = en;
			hasScannedForEncodings = 0;
			knownRegions = (
				en,
				Base,
			);
			mainGroup = 07E9455622CFC2BA0050373D;
			productRefGroup = 07E9456022CFC2BA0050373D /* Products */;
			projectDirPath = "";
			projectRoot = "";
			targets = (
				07E9455E22CFC2BA0050373D /* ToDoList */,
			);
		};
/* End PBXProject section */

/* Begin PBXResourcesBuildPhase section */
		07E9455D22CFC2BA0050373D /* Resources */ = {
			isa = PBXResourcesBuildPhase;
			buildActionMask = 2147483647;
			files = (
				07E9457022CFC2C00050373D /* LaunchScreen.storyboard in Resources */,
				07E9456D22CFC2C00050373D /* Assets.xcassets in Resources */,
				07E9456822CFC2BA0050373D /* Main.storyboard in Resources */,
			);
			runOnlyForDeploymentPostprocessing = 0;
		};
/* End PBXResourcesBuildPhase section */

/* Begin PBXSourcesBuildPhase section */
		07E9455B22CFC2BA0050373D /* Sources */ = {
			isa = PBXSourcesBuildPhase;
			buildActionMask = 2147483647;
			files = (
				07E9456B22CFC2BA0050373D /* ToDoList.xcdatamodeld in Sources */,
				07F8A4AB22CFD93A00418D28 /* AddToDOViewController.swift in Sources */,
				07E9456322CFC2BA0050373D /* AppDelegate.swift in Sources */,
				07E9457E22CFC4A70050373D /* ToDoListTableViewController.swift in Sources */,
				07F8A4AD22CFE5A700418D28 /* CompleteToDoViewController.swift in Sources */,
				07E9458022CFC4CF0050373D /* ToDo.swift in Sources */,
			);
			runOnlyForDeploymentPostprocessing = 0;
		};
/* End PBXSourcesBuildPhase section */

/* Begin PBXVariantGroup section */
		07E9456622CFC2BA0050373D /* Main.storyboard */ = {
			isa = PBXVariantGroup;
			children = (
				07E9456722CFC2BA0050373D /* Base */,
			);
			name = Main.storyboard;
			sourceTree = "<group>";
		};
		07E9456E22CFC2C00050373D /* LaunchScreen.storyboard */ = {
			isa = PBXVariantGroup;
			children = (
				07E9456F22CFC2C00050373D /* Base */,
			);
			name = LaunchScreen.storyboard;
			sourceTree = "<group>";
		};
/* End PBXVariantGroup section */

/* Begin XCBuildConfiguration section */
		07E9457222CFC2C00050373D /* Debug */ = {
			isa = XCBuildConfiguration;
			buildSettings = {
				ALWAYS_SEARCH_USER_PATHS = NO;
				CLANG_ANALYZER_NONNULL = YES;
				CLANG_ANALYZER_NUMBER_OBJECT_CONVERSION = YES_AGGRESSIVE;
				CLANG_CXX_LANGUAGE_STANDARD = "gnu++14";
				CLANG_CXX_LIBRARY = "libc++";
				CLANG_ENABLE_MODULES = YES;
				CLANG_ENABLE_OBJC_ARC = YES;
				CLANG_ENABLE_OBJC_WEAK = YES;
				CLANG_WARN_BLOCK_CAPTURE_AUTORELEASING = YES;
				CLANG_WARN_BOOL_CONVERSION = YES;
				CLANG_WARN_COMMA = YES;
				CLANG_WARN_CONSTANT_CONVERSION = YES;
				CLANG_WARN_DEPRECATED_OBJC_IMPLEMENTATIONS = YES;
				CLANG_WARN_DIRECT_OBJC_ISA_USAGE = YES_ERROR;
				CLANG_WARN_DOCUMENTATION_COMMENTS = YES;
				CLANG_WARN_EMPTY_BODY = YES;
				CLANG_WARN_ENUM_CONVERSION = YES;
				CLANG_WARN_INFINITE_RECURSION = YES;
				CLANG_WARN_INT_CONVERSION = YES;
				CLANG_WARN_NON_LITERAL_NULL_CONVERSION = YES;
				CLANG_WARN_OBJC_IMPLICIT_RETAIN_SELF = YES;
				CLANG_WARN_OBJC_LITERAL_CONVERSION = YES;
				CLANG_WARN_OBJC_ROOT_CLASS = YES_ERROR;
				CLANG_WARN_RANGE_LOOP_ANALYSIS = YES;
				CLANG_WARN_STRICT_PROTOTYPES = YES;
				CLANG_WARN_SUSPICIOUS_MOVE = YES;
				CLANG_WARN_UNGUARDED_AVAILABILITY = YES_AGGRESSIVE;
				CLANG_WARN_UNREACHABLE_CODE = YES;
				CLANG_WARN__DUPLICATE_METHOD_MATCH = YES;
				CODE_SIGN_IDENTITY = "iPhone Developer";
				COPY_PHASE_STRIP = NO;
				DEBUG_INFORMATION_FORMAT = dwarf;
				ENABLE_STRICT_OBJC_MSGSEND = YES;
				ENABLE_TESTABILITY = YES;
				GCC_C_LANGUAGE_STANDARD = gnu11;
				GCC_DYNAMIC_NO_PIC = NO;
				GCC_NO_COMMON_BLOCKS = YES;
				GCC_OPTIMIZATION_LEVEL = 0;
				GCC_PREPROCESSOR_DEFINITIONS = (
					"DEBUG=1",
					"$(inherited)",
				);
				GCC_WARN_64_TO_32_BIT_CONVERSION = YES;
				GCC_WARN_ABOUT_RETURN_TYPE = YES_ERROR;
				GCC_WARN_UNDECLARED_SELECTOR = YES;
				GCC_WARN_UNINITIALIZED_AUTOS = YES_AGGRESSIVE;
				GCC_WARN_UNUSED_FUNCTION = YES;
				GCC_WARN_UNUSED_VARIABLE = YES;
				IPHONEOS_DEPLOYMENT_TARGET = 12.2;
				MTL_ENABLE_DEBUG_INFO = INCLUDE_SOURCE;
				MTL_FAST_MATH = YES;
				ONLY_ACTIVE_ARCH = YES;
				SDKROOT = iphoneos;
				SWIFT_ACTIVE_COMPILATION_CONDITIONS = DEBUG;
				SWIFT_OPTIMIZATION_LEVEL = "-Onone";
			};
			name = Debug;
		};
		07E9457322CFC2C00050373D /* Release */ = {
			isa = XCBuildConfiguration;
			buildSettings = {
				ALWAYS_SEARCH_USER_PATHS = NO;
				CLANG_ANALYZER_NONNULL = YES;
				CLANG_ANALYZER_NUMBER_OBJECT_CONVERSION = YES_AGGRESSIVE;
				CLANG_CXX_LANGUAGE_STANDARD = "gnu++14";
				CLANG_CXX_LIBRARY = "libc++";
				CLANG_ENABLE_MODULES = YES;
				CLANG_ENABLE_OBJC_ARC = YES;
				CLANG_ENABLE_OBJC_WEAK = YES;
				CLANG_WARN_BLOCK_CAPTURE_AUTORELEASING = YES;
				CLANG_WARN_BOOL_CONVERSION = YES;
				CLANG_WARN_COMMA = YES;
				CLANG_WARN_CONSTANT_CONVERSION = YES;
				CLANG_WARN_DEPRECATED_OBJC_IMPLEMENTATIONS = YES;
				CLANG_WARN_DIRECT_OBJC_ISA_USAGE = YES_ERROR;
				CLANG_WARN_DOCUMENTATION_COMMENTS = YES;
				CLANG_WARN_EMPTY_BODY = YES;
				CLANG_WARN_ENUM_CONVERSION = YES;
				CLANG_WARN_INFINITE_RECURSION = YES;
				CLANG_WARN_INT_CONVERSION = YES;
				CLANG_WARN_NON_LITERAL_NULL_CONVERSION = YES;
				CLANG_WARN_OBJC_IMPLICIT_RETAIN_SELF = YES;
				CLANG_WARN_OBJC_LITERAL_CONVERSION = YES;
				CLANG_WARN_OBJC_ROOT_CLASS = YES_ERROR;
				CLANG_WARN_RANGE_LOOP_ANALYSIS = YES;
				CLANG_WARN_STRICT_PROTOTYPES = YES;
				CLANG_WARN_SUSPICIOUS_MOVE = YES;
				CLANG_WARN_UNGUARDED_AVAILABILITY = YES_AGGRESSIVE;
				CLANG_WARN_UNREACHABLE_CODE = YES;
				CLANG_WARN__DUPLICATE_METHOD_MATCH = YES;
				CODE_SIGN_IDENTITY = "iPhone Developer";
				COPY_PHASE_STRIP = NO;
				DEBUG_INFORMATION_FORMAT = "dwarf-with-dsym";
				ENABLE_NS_ASSERTIONS = NO;
				ENABLE_STRICT_OBJC_MSGSEND = YES;
				GCC_C_LANGUAGE_STANDARD = gnu11;
				GCC_NO_COMMON_BLOCKS = YES;
				GCC_WARN_64_TO_32_BIT_CONVERSION = YES;
				GCC_WARN_ABOUT_RETURN_TYPE = YES_ERROR;
				GCC_WARN_UNDECLARED_SELECTOR = YES;
				GCC_WARN_UNINITIALIZED_AUTOS = YES_AGGRESSIVE;
				GCC_WARN_UNUSED_FUNCTION = YES;
				GCC_WARN_UNUSED_VARIABLE = YES;
				IPHONEOS_DEPLOYMENT_TARGET = 12.2;
				MTL_ENABLE_DEBUG_INFO = NO;
				MTL_FAST_MATH = YES;
				SDKROOT = iphoneos;
				SWIFT_COMPILATION_MODE = wholemodule;
				SWIFT_OPTIMIZATION_LEVEL = "-O";
				VALIDATE_PRODUCT = YES;
			};
			name = Release;
		};
		07E9457522CFC2C00050373D /* Debug */ = {
			isa = XCBuildConfiguration;
			buildSettings = {
				ASSETCATALOG_COMPILER_APPICON_NAME = AppIcon;
				CODE_SIGN_STYLE = Automatic;
				DEVELOPMENT_TEAM = JKJ882XP48;
				INFOPLIST_FILE = ToDoList/Info.plist;
				LD_RUNPATH_SEARCH_PATHS = (
					"$(inherited)",
					"@executable_path/Frameworks",
				);
				PRODUCT_BUNDLE_IDENTIFIER = Klossy.ToDoList;
				PRODUCT_NAME = "$(TARGET_NAME)";
				SWIFT_VERSION = 5.0;
				TARGETED_DEVICE_FAMILY = "1,2";
			};
			name = Debug;
		};
		07E9457622CFC2C00050373D /* Release */ = {
			isa = XCBuildConfiguration;
			buildSettings = {
				ASSETCATALOG_COMPILER_APPICON_NAME = AppIcon;
				CODE_SIGN_STYLE = Automatic;
				DEVELOPMENT_TEAM = JKJ882XP48;
				INFOPLIST_FILE = ToDoList/Info.plist;
				LD_RUNPATH_SEARCH_PATHS = (
					"$(inherited)",
					"@executable_path/Frameworks",
				);
				PRODUCT_BUNDLE_IDENTIFIER = Klossy.ToDoList;
				PRODUCT_NAME = "$(TARGET_NAME)";
				SWIFT_VERSION = 5.0;
				TARGETED_DEVICE_FAMILY = "1,2";
			};
			name = Release;
		};
/* End XCBuildConfiguration section */

/* Begin XCConfigurationList section */
		07E9455A22CFC2BA0050373D /* Build configuration list for PBXProject "ToDoList" */ = {
			isa = XCConfigurationList;
			buildConfigurations = (
				07E9457222CFC2C00050373D /* Debug */,
				07E9457322CFC2C00050373D /* Release */,
			);
			defaultConfigurationIsVisible = 0;
			defaultConfigurationName = Release;
		};
		07E9457422CFC2C00050373D /* Build configuration list for PBXNativeTarget "ToDoList" */ = {
			isa = XCConfigurationList;
			buildConfigurations = (
				07E9457522CFC2C00050373D /* Debug */,
				07E9457622CFC2C00050373D /* Release */,
			);
			defaultConfigurationIsVisible = 0;
			defaultConfigurationName = Release;
		};
/* End XCConfigurationList section */

/* Begin XCVersionGroup section */
		07E9456922CFC2BA0050373D /* ToDoList.xcdatamodeld */ = {
			isa = XCVersionGroup;
			children = (
				07E9456A22CFC2BA0050373D /* ToDoList.xcdatamodel */,
			);
			currentVersion = 07E9456A22CFC2BA0050373D /* ToDoList.xcdatamodel */;
			path = ToDoList.xcdatamodeld;
			sourceTree = "<group>";
			versionGroupType = wrapper.xcdatamodel;
		};
/* End XCVersionGroup section */
	};
	rootObject = 07E9455722CFC2BA0050373D /* Project object */;
}
